
Microsoft Visual Studio Solution File, Format Version 12.00
# Visual Studio Version 17
VisualStudioVersion = 17.4.33110.190
MinimumVisualStudioVersion = 10.0.40219.1
Project("{2150E333-8FDC-42A3-9474-1A3956D46DE8}") = "Builder", "Builder", "{CE1FB70F-C62B-4331-B606-12290D6163C0}"
EndProject
Project("{9A19103F-16F7-4668-BE54-9A1E7A4F7556}") = "RecursiveGenerics", "RecursiveGenerics\RecursiveGenerics.csproj", "{0236FB35-5F41-43F5-A936-3A6FFC9D46BB}"
EndProject
Project("{FAE04EC0-301F-11D3-BF4B-00C04F79EFBC}") = "StepwiseBuilder", "StepwiseBuilder\StepwiseBuilder.csproj", "{64C91EC1-10BA-42EA-AF4D-4390BDE2B0C0}"
EndProject
Project("{FAE04EC0-301F-11D3-BF4B-00C04F79EFBC}") = "FunctionalBuilder", "FunctionalBuilder\FunctionalBuilder.csproj", "{193F5B94-1030-4F34-809B-F31D39AC9B35}"
EndProject
Project("{FAE04EC0-301F-11D3-BF4B-00C04F79EFBC}") = "BuilderFacets", "BuilderFacets\BuilderFacets.csproj", "{B92F1FDB-CE6D-4D52-924C-FDDE646B4E2F}"
EndProject
Project("{FAE04EC0-301F-11D3-BF4B-00C04F79EFBC}") = "CodeBuilder", "CodeBuilder\CodeBuilder.csproj", "{5483C8A2-7914-4CF8-8E69-0DCB75465344}"
EndProject
Project("{2150E333-8FDC-42A3-9474-1A3956D46DE8}") = "Factories", "Factories", "{C0FF95E8-B510-4876-B37F-7411B28223C5}"
EndProject
Project("{FAE04EC0-301F-11D3-BF4B-00C04F79EFBC}") = "FactoryMethod", "FactoryMethod\FactoryMethod.csproj", "{1A60FAFB-620E-4DB7-BC35-33BA8BD56B18}"
EndProject
Project("{FAE04EC0-301F-11D3-BF4B-00C04F79EFBC}") = "AsynchronousFactoryMethod", "AsynchronousFactoryMethod\AsynchronousFactoryMethod.csproj", "{E89B3CC0-24A2-4500-80C7-9DB23CB7C206}"
EndProject
Project("{FAE04EC0-301F-11D3-BF4B-00C04F79EFBC}") = "ObjectTrackingAndBulkReplacement", "ObjectTrackingAndBulkReplacement\ObjectTrackingAndBulkReplacement.csproj", "{AA6714B6-BC16-4C65-AAFB-8361204FBF5B}"
EndProject
Project("{2150E333-8FDC-42A3-9474-1A3956D46DE8}") = "SOLID", "SOLID", "{B0797A8B-DDE7-4DE1-BE1B-C0623D4394EA}"
EndProject
Project("{FAE04EC0-301F-11D3-BF4B-00C04F79EFBC}") = "DependencyInversionPrinciple", "DependencyInversionPrinciple\DependencyInversionPrinciple.csproj", "{40EE26DE-EF02-4C54-8C41-EBB606165F3C}"
EndProject
Project("{FAE04EC0-301F-11D3-BF4B-00C04F79EFBC}") = "InterfaceSegregationPrinciple", "InterfaceSegregationPrinciple\InterfaceSegregationPrinciple.csproj", "{3EC851CD-D1C3-4988-9B16-AB1F7A033CBC}"
EndProject
Project("{FAE04EC0-301F-11D3-BF4B-00C04F79EFBC}") = "LiskovSubstitutionPrinciple", "LiskovSubstitutionPrinciple\LiskovSubstitutionPrinciple.csproj", "{A95A5BBF-3B5B-4008-873C-B45195DB5821}"
EndProject
Project("{FAE04EC0-301F-11D3-BF4B-00C04F79EFBC}") = "OpenClosedPrinciple", "OpenClosedPrinciple\OpenClosedPrinciple.csproj", "{DD4F7733-ECCB-485B-83E4-05F17D4494B0}"
EndProject
Project("{FAE04EC0-301F-11D3-BF4B-00C04F79EFBC}") = "SingleResponsibilityPrinciple", "SingleResponsibilityPrinciple\SingleResponsibilityPrinciple.csproj", "{9B6E005A-B0D8-4FC2-9534-B57F41A8294D}"
EndProject
Project("{FAE04EC0-301F-11D3-BF4B-00C04F79EFBC}") = "Builder", "Builder\Builder.csproj", "{4C89397F-4E86-4DD7-81B8-752522F6C7A4}"
EndProject
Project("{FAE04EC0-301F-11D3-BF4B-00C04F79EFBC}") = "InnerFactory", "InnerFactory\InnerFactory.csproj", "{7D1EA81D-0C15-4AA7-9254-F13F3F456AC2}"
EndProject
Project("{FAE04EC0-301F-11D3-BF4B-00C04F79EFBC}") = "AbstractFactory", "AbstractFactory\AbstractFactory.csproj", "{678B66F2-49F6-4D48-A4EF-9691D31D8979}"
EndProject
Project("{FAE04EC0-301F-11D3-BF4B-00C04F79EFBC}") = "PersonFactory", "PersonFactory\PersonFactory.csproj", "{B683F01F-CA79-4291-B769-5598470786E6}"
EndProject
Global
	GlobalSection(SolutionConfigurationPlatforms) = preSolution
		Debug|Any CPU = Debug|Any CPU
		Release|Any CPU = Release|Any CPU
	EndGlobalSection
	GlobalSection(ProjectConfigurationPlatforms) = postSolution
		{0236FB35-5F41-43F5-A936-3A6FFC9D46BB}.Debug|Any CPU.ActiveCfg = Debug|Any CPU
		{0236FB35-5F41-43F5-A936-3A6FFC9D46BB}.Debug|Any CPU.Build.0 = Debug|Any CPU
		{0236FB35-5F41-43F5-A936-3A6FFC9D46BB}.Release|Any CPU.ActiveCfg = Release|Any CPU
		{0236FB35-5F41-43F5-A936-3A6FFC9D46BB}.Release|Any CPU.Build.0 = Release|Any CPU
		{64C91EC1-10BA-42EA-AF4D-4390BDE2B0C0}.Debug|Any CPU.ActiveCfg = Debug|Any CPU
		{64C91EC1-10BA-42EA-AF4D-4390BDE2B0C0}.Debug|Any CPU.Build.0 = Debug|Any CPU
		{64C91EC1-10BA-42EA-AF4D-4390BDE2B0C0}.Release|Any CPU.ActiveCfg = Release|Any CPU
		{64C91EC1-10BA-42EA-AF4D-4390BDE2B0C0}.Release|Any CPU.Build.0 = Release|Any CPU
		{193F5B94-1030-4F34-809B-F31D39AC9B35}.Debug|Any CPU.ActiveCfg = Debug|Any CPU
		{193F5B94-1030-4F34-809B-F31D39AC9B35}.Debug|Any CPU.Build.0 = Debug|Any CPU
		{193F5B94-1030-4F34-809B-F31D39AC9B35}.Release|Any CPU.ActiveCfg = Release|Any CPU
		{193F5B94-1030-4F34-809B-F31D39AC9B35}.Release|Any CPU.Build.0 = Release|Any CPU
		{B92F1FDB-CE6D-4D52-924C-FDDE646B4E2F}.Debug|Any CPU.ActiveCfg = Debug|Any CPU
		{B92F1FDB-CE6D-4D52-924C-FDDE646B4E2F}.Debug|Any CPU.Build.0 = Debug|Any CPU
		{B92F1FDB-CE6D-4D52-924C-FDDE646B4E2F}.Release|Any CPU.ActiveCfg = Release|Any CPU
		{B92F1FDB-CE6D-4D52-924C-FDDE646B4E2F}.Release|Any CPU.Build.0 = Release|Any CPU
		{5483C8A2-7914-4CF8-8E69-0DCB75465344}.Debug|Any CPU.ActiveCfg = Debug|Any CPU
		{5483C8A2-7914-4CF8-8E69-0DCB75465344}.Debug|Any CPU.Build.0 = Debug|Any CPU
		{5483C8A2-7914-4CF8-8E69-0DCB75465344}.Release|Any CPU.ActiveCfg = Release|Any CPU
		{5483C8A2-7914-4CF8-8E69-0DCB75465344}.Release|Any CPU.Build.0 = Release|Any CPU
		{1A60FAFB-620E-4DB7-BC35-33BA8BD56B18}.Debug|Any CPU.ActiveCfg = Debug|Any CPU
		{1A60FAFB-620E-4DB7-BC35-33BA8BD56B18}.Debug|Any CPU.Build.0 = Debug|Any CPU
		{1A60FAFB-620E-4DB7-BC35-33BA8BD56B18}.Release|Any CPU.ActiveCfg = Release|Any CPU
		{1A60FAFB-620E-4DB7-BC35-33BA8BD56B18}.Release|Any CPU.Build.0 = Release|Any CPU
		{E89B3CC0-24A2-4500-80C7-9DB23CB7C206}.Debug|Any CPU.ActiveCfg = Debug|Any CPU
		{E89B3CC0-24A2-4500-80C7-9DB23CB7C206}.Debug|Any CPU.Build.0 = Debug|Any CPU
		{E89B3CC0-24A2-4500-80C7-9DB23CB7C206}.Release|Any CPU.ActiveCfg = Release|Any CPU
		{E89B3CC0-24A2-4500-80C7-9DB23CB7C206}.Release|Any CPU.Build.0 = Release|Any CPU
		{AA6714B6-BC16-4C65-AAFB-8361204FBF5B}.Debug|Any CPU.ActiveCfg = Debug|Any CPU
		{AA6714B6-BC16-4C65-AAFB-8361204FBF5B}.Debug|Any CPU.Build.0 = Debug|Any CPU
		{AA6714B6-BC16-4C65-AAFB-8361204FBF5B}.Release|Any CPU.ActiveCfg = Release|Any CPU
		{AA6714B6-BC16-4C65-AAFB-8361204FBF5B}.Release|Any CPU.Build.0 = Release|Any CPU
		{40EE26DE-EF02-4C54-8C41-EBB606165F3C}.Debug|Any CPU.ActiveCfg = Debug|Any CPU
		{40EE26DE-EF02-4C54-8C41-EBB606165F3C}.Debug|Any CPU.Build.0 = Debug|Any CPU
		{40EE26DE-EF02-4C54-8C41-EBB606165F3C}.Release|Any CPU.ActiveCfg = Release|Any CPU
		{40EE26DE-EF02-4C54-8C41-EBB606165F3C}.Release|Any CPU.Build.0 = Release|Any CPU
		{3EC851CD-D1C3-4988-9B16-AB1F7A033CBC}.Debug|Any CPU.ActiveCfg = Debug|Any CPU
		{3EC851CD-D1C3-4988-9B16-AB1F7A033CBC}.Debug|Any CPU.Build.0 = Debug|Any CPU
		{3EC851CD-D1C3-4988-9B16-AB1F7A033CBC}.Release|Any CPU.ActiveCfg = Release|Any CPU
		{3EC851CD-D1C3-4988-9B16-AB1F7A033CBC}.Release|Any CPU.Build.0 = Release|Any CPU
		{A95A5BBF-3B5B-4008-873C-B45195DB5821}.Debug|Any CPU.ActiveCfg = Debug|Any CPU
		{A95A5BBF-3B5B-4008-873C-B45195DB5821}.Debug|Any CPU.Build.0 = Debug|Any CPU
		{A95A5BBF-3B5B-4008-873C-B45195DB5821}.Release|Any CPU.ActiveCfg = Release|Any CPU
		{A95A5BBF-3B5B-4008-873C-B45195DB5821}.Release|Any CPU.Build.0 = Release|Any CPU
		{DD4F7733-ECCB-485B-83E4-05F17D4494B0}.Debug|Any CPU.ActiveCfg = Debug|Any CPU
		{DD4F7733-ECCB-485B-83E4-05F17D4494B0}.Debug|Any CPU.Build.0 = Debug|Any CPU
		{DD4F7733-ECCB-485B-83E4-05F17D4494B0}.Release|Any CPU.ActiveCfg = Release|Any CPU
		{DD4F7733-ECCB-485B-83E4-05F17D4494B0}.Release|Any CPU.Build.0 = Release|Any CPU
		{9B6E005A-B0D8-4FC2-9534-B57F41A8294D}.Debug|Any CPU.ActiveCfg = Debug|Any CPU
		{9B6E005A-B0D8-4FC2-9534-B57F41A8294D}.Debug|Any CPU.Build.0 = Debug|Any CPU
		{9B6E005A-B0D8-4FC2-9534-B57F41A8294D}.Release|Any CPU.ActiveCfg = Release|Any CPU
		{9B6E005A-B0D8-4FC2-9534-B57F41A8294D}.Release|Any CPU.Build.0 = Release|Any CPU
		{4C89397F-4E86-4DD7-81B8-752522F6C7A4}.Debug|Any CPU.ActiveCfg = Debug|Any CPU
		{4C89397F-4E86-4DD7-81B8-752522F6C7A4}.Debug|Any CPU.Build.0 = Debug|Any CPU
		{4C89397F-4E86-4DD7-81B8-752522F6C7A4}.Release|Any CPU.ActiveCfg = Release|Any CPU
		{4C89397F-4E86-4DD7-81B8-752522F6C7A4}.Release|Any CPU.Build.0 = Release|Any CPU
		{7D1EA81D-0C15-4AA7-9254-F13F3F456AC2}.Debug|Any CPU.ActiveCfg = Debug|Any CPU
		{7D1EA81D-0C15-4AA7-9254-F13F3F456AC2}.Debug|Any CPU.Build.0 = Debug|Any CPU
		{7D1EA81D-0C15-4AA7-9254-F13F3F456AC2}.Release|Any CPU.ActiveCfg = Release|Any CPU
		{7D1EA81D-0C15-4AA7-9254-F13F3F456AC2}.Release|Any CPU.Build.0 = Release|Any CPU
		{678B66F2-49F6-4D48-A4EF-9691D31D8979}.Debug|Any CPU.ActiveCfg = Debug|Any CPU
		{678B66F2-49F6-4D48-A4EF-9691D31D8979}.Debug|Any CPU.Build.0 = Debug|Any CPU
		{678B66F2-49F6-4D48-A4EF-9691D31D8979}.Release|Any CPU.ActiveCfg = Release|Any CPU
		{678B66F2-49F6-4D48-A4EF-9691D31D8979}.Release|Any CPU.Build.0 = Release|Any CPU
		{B683F01F-CA79-4291-B769-5598470786E6}.Debug|Any CPU.ActiveCfg = Debug|Any CPU
		{B683F01F-CA79-4291-B769-5598470786E6}.Debug|Any CPU.Build.0 = Debug|Any CPU
		{B683F01F-CA79-4291-B769-5598470786E6}.Release|Any CPU.ActiveCfg = Release|Any CPU
		{B683F01F-CA79-4291-B769-5598470786E6}.Release|Any CPU.Build.0 = Release|Any CPU
	EndGlobalSection
	GlobalSection(SolutionProperties) = preSolution
		HideSolutionNode = FALSE
	EndGlobalSection
	GlobalSection(NestedProjects) = preSolution
		{0236FB35-5F41-43F5-A936-3A6FFC9D46BB} = {CE1FB70F-C62B-4331-B606-12290D6163C0}
		{64C91EC1-10BA-42EA-AF4D-4390BDE2B0C0} = {CE1FB70F-C62B-4331-B606-12290D6163C0}
		{193F5B94-1030-4F34-809B-F31D39AC9B35} = {CE1FB70F-C62B-4331-B606-12290D6163C0}
		{B92F1FDB-CE6D-4D52-924C-FDDE646B4E2F} = {CE1FB70F-C62B-4331-B606-12290D6163C0}
		{5483C8A2-7914-4CF8-8E69-0DCB75465344} = {CE1FB70F-C62B-4331-B606-12290D6163C0}
		{1A60FAFB-620E-4DB7-BC35-33BA8BD56B18} = {C0FF95E8-B510-4876-B37F-7411B28223C5}
		{E89B3CC0-24A2-4500-80C7-9DB23CB7C206} = {C0FF95E8-B510-4876-B37F-7411B28223C5}
		{AA6714B6-BC16-4C65-AAFB-8361204FBF5B} = {C0FF95E8-B510-4876-B37F-7411B28223C5}
		{40EE26DE-EF02-4C54-8C41-EBB606165F3C} = {B0797A8B-DDE7-4DE1-BE1B-C0623D4394EA}
		{3EC851CD-D1C3-4988-9B16-AB1F7A033CBC} = {B0797A8B-DDE7-4DE1-BE1B-C0623D4394EA}
		{A95A5BBF-3B5B-4008-873C-B45195DB5821} = {B0797A8B-DDE7-4DE1-BE1B-C0623D4394EA}
		{DD4F7733-ECCB-485B-83E4-05F17D4494B0} = {B0797A8B-DDE7-4DE1-BE1B-C0623D4394EA}
		{9B6E005A-B0D8-4FC2-9534-B57F41A8294D} = {B0797A8B-DDE7-4DE1-BE1B-C0623D4394EA}
		{4C89397F-4E86-4DD7-81B8-752522F6C7A4} = {CE1FB70F-C62B-4331-B606-12290D6163C0}
		{7D1EA81D-0C15-4AA7-9254-F13F3F456AC2} = {C0FF95E8-B510-4876-B37F-7411B28223C5}
		{678B66F2-49F6-4D48-A4EF-9691D31D8979} = {C0FF95E8-B510-4876-B37F-7411B28223C5}
		{B683F01F-CA79-4291-B769-5598470786E6} = {C0FF95E8-B510-4876-B37F-7411B28223C5}
	EndGlobalSection
	GlobalSection(ExtensibilityGlobals) = postSolution
		SolutionGuid = {026A9576-423A-4157-A238-3F9E0E0A62D8}
	EndGlobalSection
EndGlobal
